{
  "requires": true,
  "lockfileVersion": 1,
  "dependencies": {
    "@popperjs/core": {
      "version": "2.4.4",
      "resolved": "http://npm.mfwdev.com/@popperjs%2fcore/-/core-2.4.4.tgz",
      "integrity": "sha1-EdXbGb0XiTbsic2EUZxN5DlXQ5g="
    },
    "bootstrap": {
      "version": "4.5.2",
      "resolved": "http://npm.mfwdev.com/bootstrap/-/bootstrap-4.5.2.tgz",
      "integrity": "sha1-qFxO2lkVXw1xGGtuatm4dYE3eas="
    },
    "bootstrap-icons": {
      "version": "1.0.0-alpha5",
      "resolved": "http://npm.mfwdev.com/bootstrap-icons/-/bootstrap-icons-1.0.0-alpha5.tgz",
      "integrity": "sha1-JK7FP0CX4jp+BclkpVAz7RLasjw="
    },
    "jquery": {
      "version": "3.5.1",
      "resolved": "http://npm.mfwdev.com/jquery/-/jquery-3.5.1.tgz",
      "integrity": "sha1-17TQjhv9uGrS8aPQOeoXMEcXq7U="
    }
  }
}
